PODS:
  - DoclineVideoSDK (1.1.1):
    - OpenTok (~> 2.21.2)
  - OpenTok (2.21.3)

DEPENDENCIES:
  - DoclineVideoSDK (= 1.1.1)

SPEC REPOS:
  trunk:
    - DoclineVideoSDK
    - OpenTok

SPEC CHECKSUMS:
  DoclineVideoSDK: eda56dad1e193c266b9d6314307c98a774dd4fdf
  OpenTok: 6c553d092fa8d28cf3457a2b3c1e8f7904ee6063

PODFILE CHECKSUM: b7593343713b5cd974188e2621157606b9c5103c

COCOAPODS: 1.11.3
